{
    "version": 3,
    "terraform_version": "0.11.3",
    "serial": 74,
    "lineage": "aa1f82da-921f-409e-8a8f-032075ab613b",
    "modules": [
        {
            "path": [
                "root"
            ],
            "outputs": {},
            "resources": {
                "aws_internet_gateway.app-merril": {
                    "type": "aws_internet_gateway",
                    "depends_on": [
                        "aws_vpc.app-merril"
                    ],
                    "primary": {
                        "id": "igw-65a0390d",
                        "attributes": {
                            "id": "igw-65a0390d",
                            "tags.%": "1",
                            "tags.Name": "app-merril",
                            "vpc_id": "vpc-c39b38a8"
                        },
                        "meta": {},
                        "tainted": false
                    },
                    "deposed": [],
                    "provider": "provider.aws"
                },
                "aws_route_table.app-merril": {
                    "type": "aws_route_table",
                    "depends_on": [
                        "aws_internet_gateway.app-merril",
                        "aws_vpc.app-merril"
                    ],
                    "primary": {
                        "id": "rtb-2eb2fa45",
                        "attributes": {
                            "id": "rtb-2eb2fa45",
                            "propagating_vgws.#": "0",
                            "route.#": "1",
                            "route.3014421174.cidr_block": "0.0.0.0/0",
                            "route.3014421174.egress_only_gateway_id": "",
                            "route.3014421174.gateway_id": "igw-65a0390d",
                            "route.3014421174.instance_id": "",
                            "route.3014421174.ipv6_cidr_block": "",
                            "route.3014421174.nat_gateway_id": "",
                            "route.3014421174.network_interface_id": "",
                            "route.3014421174.vpc_peering_connection_id": "",
                            "tags.%": "1",
                            "tags.Name": "app-merril",
                            "vpc_id": "vpc-c39b38a8"
                        },
                        "meta": {},
                        "tainted": false
                    },
                    "deposed": [],
                    "provider": "provider.aws"
                },
                "aws_vpc.app-merril": {
                    "type": "aws_vpc",
                    "depends_on": [],
                    "primary": {
                        "id": "vpc-c39b38a8",
                        "attributes": {
                            "assign_generated_ipv6_cidr_block": "false",
                            "cidr_block": "10.10.0.0/16",
                            "default_network_acl_id": "acl-ff2d5894",
                            "default_route_table_id": "rtb-82b0f8e9",
                            "default_security_group_id": "sg-58e40835",
                            "dhcp_options_id": "dopt-763e381f",
                            "enable_dns_hostnames": "true",
                            "enable_dns_support": "true",
                            "id": "vpc-c39b38a8",
                            "instance_tenancy": "default",
                            "main_route_table_id": "rtb-82b0f8e9",
                            "tags.%": "1",
                            "tags.Name": "app-merril"
                        },
                        "meta": {
                            "schema_version": "1"
                        },
                        "tainted": false
                    },
                    "deposed": [],
                    "provider": "provider.aws"
                },
                "data.template_file.app_init": {
                    "type": "template_file",
                    "depends_on": [
                        "module.db-tier"
                    ],
                    "primary": {
                        "id": "8226149a398652e8634eea4cd6c33d6ff8f83e1f287a7a807fa01e4ba9152d50",
                        "attributes": {
                            "id": "8226149a398652e8634eea4cd6c33d6ff8f83e1f287a7a807fa01e4ba9152d50",
                            "rendered": "#!/bin/bash\ncd /home/ubuntu/app\nexport DB_HOST=mongodb://10.10.1.63:27017\nnode app.js",
                            "template": "#!/bin/bash\ncd /home/ubuntu/app\nexport DB_HOST=mongodb://${db_ip}:27017\nnode app.js",
                            "vars.%": "1",
                            "vars.db_ip": "10.10.1.63"
                        },
                        "meta": {},
                        "tainted": false
                    },
                    "deposed": [],
                    "provider": "provider.template"
                }
            },
            "depends_on": []
        },
        {
            "path": [
                "root",
                "app-tier"
            ],
            "outputs": {
                "priv_ip": {
                    "sensitive": false,
                    "type": "string",
                    "value": "10.10.0.136"
                },
                "subnet_cidr_block": {
                    "sensitive": false,
                    "type": "string",
                    "value": "10.10.0.0/24"
                }
            },
            "resources": {
                "aws_instance.app-merril": {
                    "type": "aws_instance",
                    "depends_on": [
                        "aws_security_group.app-merril",
                        "aws_subnet.app-merril"
                    ],
                    "primary": {
                        "id": "i-059bdac8dbeb83d0c",
                        "attributes": {
                            "ami": "ami-927314fd",
                            "associate_public_ip_address": "true",
                            "availability_zone": "eu-central-1b",
                            "disable_api_termination": "false",
                            "ebs_block_device.#": "0",
                            "ebs_optimized": "false",
                            "ephemeral_block_device.#": "0",
                            "iam_instance_profile": "",
                            "id": "i-059bdac8dbeb83d0c",
                            "instance_state": "running",
                            "instance_type": "t2.micro",
                            "ipv6_addresses.#": "0",
                            "key_name": "",
                            "monitoring": "false",
                            "network_interface.#": "0",
                            "network_interface_id": "eni-a893a183",
                            "placement_group": "",
                            "primary_network_interface_id": "eni-a893a183",
                            "private_dns": "ip-10-10-0-136.eu-central-1.compute.internal",
                            "private_ip": "10.10.0.136",
                            "public_dns": "ec2-18-195-218-178.eu-central-1.compute.amazonaws.com",
                            "public_ip": "18.195.218.178",
                            "root_block_device.#": "1",
                            "root_block_device.0.delete_on_termination": "true",
                            "root_block_device.0.iops": "100",
                            "root_block_device.0.volume_id": "vol-0428a655be21357d6",
                            "root_block_device.0.volume_size": "8",
                            "root_block_device.0.volume_type": "gp2",
                            "security_groups.#": "0",
                            "source_dest_check": "true",
                            "subnet_id": "subnet-981bb9e5",
                            "tags.%": "1",
                            "tags.Name": "app-merril",
                            "tenancy": "default",
                            "user_data": "eb2015a47f63c44091d3743a8bec6ca2bc3af1b9",
                            "volume_tags.%": "0",
                            "vpc_security_group_ids.#": "1",
                            "vpc_security_group_ids.2300802280": "sg-efeb0782"
                        },
                        "meta": {
                            "e2bfb730-ecaa-11e6-8f88-34363bc7c4c0": {
                                "create": 600000000000,
                                "delete": 600000000000,
                                "update": 600000000000
                            },
                            "schema_version": "1"
                        },
                        "tainted": false
                    },
                    "deposed": [],
                    "provider": "provider.aws"
                },
                "aws_route_table_association.app-merril": {
                    "type": "aws_route_table_association",
                    "depends_on": [
                        "aws_subnet.app-merril"
                    ],
                    "primary": {
                        "id": "rtbassoc-b42442de",
                        "attributes": {
                            "id": "rtbassoc-b42442de",
                            "route_table_id": "rtb-2eb2fa45",
                            "subnet_id": "subnet-981bb9e5"
                        },
                        "meta": {},
                        "tainted": false
                    },
                    "deposed": [],
                    "provider": "provider.aws"
                },
                "aws_security_group.app-merril": {
                    "type": "aws_security_group",
                    "depends_on": [],
                    "primary": {
                        "id": "sg-efeb0782",
                        "attributes": {
                            "description": "Allow all inbound traffic",
                            "egress.#": "1",
                            "egress.482069346.cidr_blocks.#": "1",
                            "egress.482069346.cidr_blocks.0": "0.0.0.0/0",
                            "egress.482069346.description": "",
                            "egress.482069346.from_port": "0",
                            "egress.482069346.ipv6_cidr_blocks.#": "0",
                            "egress.482069346.prefix_list_ids.#": "0",
                            "egress.482069346.protocol": "-1",
                            "egress.482069346.security_groups.#": "0",
                            "egress.482069346.self": "false",
                            "egress.482069346.to_port": "0",
                            "id": "sg-efeb0782",
                            "ingress.#": "0",
                            "name": "app-merril",
                            "owner_id": "135928476890",
                            "revoke_rules_on_delete": "false",
                            "tags.%": "1",
                            "tags.Name": "app-merril",
                            "vpc_id": "vpc-c39b38a8"
                        },
                        "meta": {
                            "schema_version": "1"
                        },
                        "tainted": false
                    },
                    "deposed": [],
                    "provider": "provider.aws"
                },
                "aws_security_group_rule.rule": {
                    "type": "aws_security_group_rule",
                    "depends_on": [
                        "aws_security_group.app-merril"
                    ],
                    "primary": {
                        "id": "sgrule-956071960",
                        "attributes": {
                            "cidr_blocks.#": "1",
                            "cidr_blocks.0": "0.0.0.0/0",
                            "from_port": "80",
                            "id": "sgrule-956071960",
                            "protocol": "tcp",
                            "security_group_id": "sg-efeb0782",
                            "self": "false",
                            "to_port": "80",
                            "type": "ingress"
                        },
                        "meta": {
                            "schema_version": "2"
                        },
                        "tainted": false
                    },
                    "deposed": [],
                    "provider": "provider.aws"
                },
                "aws_subnet.app-merril": {
                    "type": "aws_subnet",
                    "depends_on": [],
                    "primary": {
                        "id": "subnet-981bb9e5",
                        "attributes": {
                            "assign_ipv6_address_on_creation": "false",
                            "availability_zone": "eu-central-1b",
                            "cidr_block": "10.10.0.0/24",
                            "id": "subnet-981bb9e5",
                            "map_public_ip_on_launch": "true",
                            "tags.%": "1",
                            "tags.Name": "app-merril",
                            "vpc_id": "vpc-c39b38a8"
                        },
                        "meta": {
                            "schema_version": "1"
                        },
                        "tainted": false
                    },
                    "deposed": [],
                    "provider": "provider.aws"
                }
            },
            "depends_on": []
        },
        {
            "path": [
                "root",
                "db-tier"
            ],
            "outputs": {
                "priv_ip": {
                    "sensitive": false,
                    "type": "string",
                    "value": "10.10.1.63"
                },
                "subnet_cidr_block": {
                    "sensitive": false,
                    "type": "string",
                    "value": "10.10.1.0/24"
                }
            },
            "resources": {
                "aws_instance.app-merril": {
                    "type": "aws_instance",
                    "depends_on": [
                        "aws_security_group.app-merril",
                        "aws_subnet.app-merril"
                    ],
                    "primary": {
                        "id": "i-0eea99fa4dd467812",
                        "attributes": {
                            "ami": "ami-0d771062",
                            "associate_public_ip_address": "false",
                            "availability_zone": "eu-central-1a",
                            "disable_api_termination": "false",
                            "ebs_block_device.#": "0",
                            "ebs_optimized": "false",
                            "ephemeral_block_device.#": "0",
                            "iam_instance_profile": "",
                            "id": "i-0eea99fa4dd467812",
                            "instance_state": "running",
                            "instance_type": "t2.micro",
                            "ipv6_addresses.#": "0",
                            "key_name": "",
                            "monitoring": "false",
                            "network_interface.#": "0",
                            "network_interface_id": "eni-0d967959",
                            "placement_group": "",
                            "primary_network_interface_id": "eni-0d967959",
                            "private_dns": "ip-10-10-1-63.eu-central-1.compute.internal",
                            "private_ip": "10.10.1.63",
                            "public_dns": "",
                            "public_ip": "",
                            "root_block_device.#": "1",
                            "root_block_device.0.delete_on_termination": "true",
                            "root_block_device.0.iops": "100",
                            "root_block_device.0.volume_id": "vol-0685862e2597130be",
                            "root_block_device.0.volume_size": "8",
                            "root_block_device.0.volume_type": "gp2",
                            "security_groups.#": "0",
                            "source_dest_check": "true",
                            "subnet_id": "subnet-333b4e58",
                            "tags.%": "1",
                            "tags.Name": "db-merril",
                            "tenancy": "default",
                            "user_data": "da39a3ee5e6b4b0d3255bfef95601890afd80709",
                            "volume_tags.%": "0",
                            "vpc_security_group_ids.#": "1",
                            "vpc_security_group_ids.4197445915": "sg-7aeb0717"
                        },
                        "meta": {
                            "e2bfb730-ecaa-11e6-8f88-34363bc7c4c0": {
                                "create": 600000000000,
                                "delete": 600000000000,
                                "update": 600000000000
                            },
                            "schema_version": "1"
                        },
                        "tainted": false
                    },
                    "deposed": [],
                    "provider": "provider.aws"
                },
                "aws_route_table_association.app-merril": {
                    "type": "aws_route_table_association",
                    "depends_on": [
                        "aws_subnet.app-merril"
                    ],
                    "primary": {
                        "id": "rtbassoc-3d224457",
                        "attributes": {
                            "id": "rtbassoc-3d224457",
                            "route_table_id": "rtb-82b0f8e9",
                            "subnet_id": "subnet-333b4e58"
                        },
                        "meta": {},
                        "tainted": false
                    },
                    "deposed": [],
                    "provider": "provider.aws"
                },
                "aws_security_group.app-merril": {
                    "type": "aws_security_group",
                    "depends_on": [],
                    "primary": {
                        "id": "sg-7aeb0717",
                        "attributes": {
                            "description": "Allow all inbound traffic",
                            "egress.#": "1",
                            "egress.482069346.cidr_blocks.#": "1",
                            "egress.482069346.cidr_blocks.0": "0.0.0.0/0",
                            "egress.482069346.description": "",
                            "egress.482069346.from_port": "0",
                            "egress.482069346.ipv6_cidr_blocks.#": "0",
                            "egress.482069346.prefix_list_ids.#": "0",
                            "egress.482069346.protocol": "-1",
                            "egress.482069346.security_groups.#": "0",
                            "egress.482069346.self": "false",
                            "egress.482069346.to_port": "0",
                            "id": "sg-7aeb0717",
                            "ingress.#": "0",
                            "name": "db-merril",
                            "owner_id": "135928476890",
                            "revoke_rules_on_delete": "false",
                            "tags.%": "1",
                            "tags.Name": "db-merril",
                            "vpc_id": "vpc-c39b38a8"
                        },
                        "meta": {
                            "schema_version": "1"
                        },
                        "tainted": false
                    },
                    "deposed": [],
                    "provider": "provider.aws"
                },
                "aws_security_group_rule.rule": {
                    "type": "aws_security_group_rule",
                    "depends_on": [
                        "aws_security_group.app-merril"
                    ],
                    "primary": {
                        "id": "sgrule-3892922317",
                        "attributes": {
                            "cidr_blocks.#": "1",
                            "cidr_blocks.0": "10.10.0.0/24",
                            "from_port": "27017",
                            "id": "sgrule-3892922317",
                            "protocol": "tcp",
                            "security_group_id": "sg-7aeb0717",
                            "self": "false",
                            "to_port": "27017",
                            "type": "ingress"
                        },
                        "meta": {
                            "schema_version": "2"
                        },
                        "tainted": false
                    },
                    "deposed": [],
                    "provider": "provider.aws"
                },
                "aws_subnet.app-merril": {
                    "type": "aws_subnet",
                    "depends_on": [],
                    "primary": {
                        "id": "subnet-333b4e58",
                        "attributes": {
                            "assign_ipv6_address_on_creation": "false",
                            "availability_zone": "eu-central-1a",
                            "cidr_block": "10.10.1.0/24",
                            "id": "subnet-333b4e58",
                            "map_public_ip_on_launch": "false",
                            "tags.%": "1",
                            "tags.Name": "db-merril",
                            "vpc_id": "vpc-c39b38a8"
                        },
                        "meta": {
                            "schema_version": "1"
                        },
                        "tainted": false
                    },
                    "deposed": [],
                    "provider": "provider.aws"
                }
            },
            "depends_on": []
        }
    ]
}
